// !$*UTF8*$!
{
	archiveVersion = 1;
	classes = {
	};
	objectVersion = 50;
	objects = {

/* Begin PBXBuildFile section */
		63F1764F2243011C0042FA2E /* AppDelegate.swift in Sources */ = {isa = PBXBuildFile; fileRef = 63F1764E2243011C0042FA2E /* AppDelegate.swift */; };
		63F176512243011C0042FA2E /* ViewController.swift in Sources */ = {isa = PBXBuildFile; fileRef = 63F176502243011C0042FA2E /* ViewController.swift */; };
		63F176A8224306100042FA2E /* Main.storyboard in Resources */ = {isa = PBXBuildFile; fileRef = 63F176522243011C0042FA2E /* Main.storyboard */; };
		63F176AB2243FAAD0042FA2E /* UIImage+Extension.swift in Sources */ = {isa = PBXBuildFile; fileRef = 63F176AA2243FAAD0042FA2E /* UIImage+Extension.swift */; };
/* End PBXBuildFile section */

/* Begin PBXFileReference section */
		63F1764B2243011C0042FA2E /* DogClassifier.app */ = {isa = PBXFileReference; explicitFileType = wrapper.application; includeInIndex = 0; path = DogClassifier.app; sourceTree = BUILT_PRODUCTS_DIR; };
		63F1764E2243011C0042FA2E /* AppDelegate.swift */ = {isa = PBXFileReference; lastKnownFileType = sourcecode.swift; path = AppDelegate.swift; sourceTree = "<group>"; };
		63F176502243011C0042FA2E /* ViewController.swift */ = {isa = PBXFileReference; lastKnownFileType = sourcecode.swift; path = ViewController.swift; sourceTree = "<group>"; };
		63F176532243011C0042FA2E /* Base */ = {isa = PBXFileReference; lastKnownFileType = file.storyboard; name = Base; path = Base.lproj/Main.storyboard; sourceTree = "<group>"; };
		63F176582243011D0042FA2E /* Base */ = {isa = PBXFileReference; lastKnownFileType = file.storyboard; name = Base; path = Base.lproj/LaunchScreen.storyboard; sourceTree = "<group>"; };
		63F1765A2243011D0042FA2E /* Info.plist */ = {isa = PBXFileReference; lastKnownFileType = text.plist.xml; path = Info.plist; sourceTree = "<group>"; };
		63F176A4224303700042FA2E /* CreateDogMLModel.playground */ = {isa = PBXFileReference; lastKnownFileType = file.playground; path = CreateDogMLModel.playground; sourceTree = "<group>"; xcLanguageSpecificationIdentifier = xcode.lang.swift; };
		63F176AA2243FAAD0042FA2E /* UIImage+Extension.swift */ = {isa = PBXFileReference; lastKnownFileType = sourcecode.swift; path = "UIImage+Extension.swift"; sourceTree = "<group>"; };
		63F176AE2243FBAC0042FA2E /* download.jpg */ = {isa = PBXFileReference; lastKnownFileType = image.jpeg; path = download.jpg; sourceTree = "<group>"; };
		63F176AF2243FBAC0042FA2E /* images-4.jpg */ = {isa = PBXFileReference; lastKnownFileType = image.jpeg; path = "images-4.jpg"; sourceTree = "<group>"; };
		63F176B02243FBAC0042FA2E /* images-5.jpg */ = {isa = PBXFileReference; lastKnownFileType = image.jpeg; path = "images-5.jpg"; sourceTree = "<group>"; };
		63F176B12243FBAC0042FA2E /* images-1.jpg */ = {isa = PBXFileReference; lastKnownFileType = image.jpeg; path = "images-1.jpg"; sourceTree = "<group>"; };
		63F176B22243FBAC0042FA2E /* images-2.jpg */ = {isa = PBXFileReference; lastKnownFileType = image.jpeg; path = "images-2.jpg"; sourceTree = "<group>"; };
		63F176B32243FBAC0042FA2E /* images-3.jpg */ = {isa = PBXFileReference; lastKnownFileType = image.jpeg; path = "images-3.jpg"; sourceTree = "<group>"; };
		63F176B42243FBAC0042FA2E /* download-3.jpg */ = {isa = PBXFileReference; lastKnownFileType = image.jpeg; path = "download-3.jpg"; sourceTree = "<group>"; };
		63F176B52243FBAC0042FA2E /* download-2.jpg */ = {isa = PBXFileReference; lastKnownFileType = image.jpeg; path = "download-2.jpg"; sourceTree = "<group>"; };
		63F176B62243FBAC0042FA2E /* download-4.jpg */ = {isa = PBXFileReference; lastKnownFileType = image.jpeg; path = "download-4.jpg"; sourceTree = "<group>"; };
		63F176B72243FBAC0042FA2E /* images.jpg */ = {isa = PBXFileReference; lastKnownFileType = image.jpeg; path = images.jpg; sourceTree = "<group>"; };
		63F176B92243FBAC0042FA2E /* download.jpg */ = {isa = PBXFileReference; lastKnownFileType = image.jpeg; path = download.jpg; sourceTree = "<group>"; };
		63F176BA2243FBAC0042FA2E /* images-4.jpg */ = {isa = PBXFileReference; lastKnownFileType = image.jpeg; path = "images-4.jpg"; sourceTree = "<group>"; };
		63F176BB2243FBAC0042FA2E /* images-1.jpg */ = {isa = PBXFileReference; lastKnownFileType = image.jpeg; path = "images-1.jpg"; sourceTree = "<group>"; };
		63F176BC2243FBAC0042FA2E /* images-2.jpg */ = {isa = PBXFileReference; lastKnownFileType = image.jpeg; path = "images-2.jpg"; sourceTree = "<group>"; };
		63F176BD2243FBAC0042FA2E /* images-3.jpg */ = {isa = PBXFileReference; lastKnownFileType = image.jpeg; path = "images-3.jpg"; sourceTree = "<group>"; };
		63F176BE2243FBAC0042FA2E /* images12.jpg */ = {isa = PBXFileReference; lastKnownFileType = image.jpeg; path = images12.jpg; sourceTree = "<group>"; };
		63F176BF2243FBAC0042FA2E /* images-10jpg.jpg */ = {isa = PBXFileReference; lastKnownFileType = image.jpeg; path = "images-10jpg.jpg"; sourceTree = "<group>"; };
		63F176C02243FBAC0042FA2E /* images11.jpg */ = {isa = PBXFileReference; lastKnownFileType = image.jpeg; path = images11.jpg; sourceTree = "<group>"; };
		63F176C12243FBAC0042FA2E /* download-5.jpg */ = {isa = PBXFileReference; lastKnownFileType = image.jpeg; path = "download-5.jpg"; sourceTree = "<group>"; };
		63F176C22243FBAC0042FA2E /* images.jpg */ = {isa = PBXFileReference; lastKnownFileType = image.jpeg; path = images.jpg; sourceTree = "<group>"; };
		63F176C32243FBAC0042FA2E /* download-6.jpg */ = {isa = PBXFileReference; lastKnownFileType = image.jpeg; path = "download-6.jpg"; sourceTree = "<group>"; };
		63F176C42243FBAC0042FA2E /* download-7.jpg */ = {isa = PBXFileReference; lastKnownFileType = image.jpeg; path = "download-7.jpg"; sourceTree = "<group>"; };
		63F176C62243FBAC0042FA2E /* download.jpg */ = {isa = PBXFileReference; lastKnownFileType = image.jpeg; path = download.jpg; sourceTree = "<group>"; };
		63F176C72243FBAC0042FA2E /* images-4.jpg */ = {isa = PBXFileReference; lastKnownFileType = image.jpeg; path = "images-4.jpg"; sourceTree = "<group>"; };
		63F176C82243FBAC0042FA2E /* images-1.jpg */ = {isa = PBXFileReference; lastKnownFileType = image.jpeg; path = "images-1.jpg"; sourceTree = "<group>"; };
		63F176C92243FBAC0042FA2E /* images-2.jpg */ = {isa = PBXFileReference; lastKnownFileType = image.jpeg; path = "images-2.jpg"; sourceTree = "<group>"; };
		63F176CA2243FBAC0042FA2E /* images-3.jpg */ = {isa = PBXFileReference; lastKnownFileType = image.jpeg; path = "images-3.jpg"; sourceTree = "<group>"; };
		63F176CB2243FBAC0042FA2E /* download-3.jpg */ = {isa = PBXFileReference; lastKnownFileType = image.jpeg; path = "download-3.jpg"; sourceTree = "<group>"; };
		63F176CC2243FBAC0042FA2E /* download-2.jpg */ = {isa = PBXFileReference; lastKnownFileType = image.jpeg; path = "download-2.jpg"; sourceTree = "<group>"; };
		63F176CD2243FBAC0042FA2E /* download-1.jpg */ = {isa = PBXFileReference; lastKnownFileType = image.jpeg; path = "download-1.jpg"; sourceTree = "<group>"; };
		63F176CE2243FBAC0042FA2E /* images.jpg */ = {isa = PBXFileReference; lastKnownFileType = image.jpeg; path = images.jpg; sourceTree = "<group>"; };
/* End PBXFileReference section */

/* Begin PBXFrameworksBuildPhase section */
		63F176482243011C0042FA2E /* Frameworks */ = {
			isa = PBXFrameworksBuildPhase;
			buildActionMask = 2147483647;
			files = (
			);
			runOnlyForDeploymentPostprocessing = 0;
		};
/* End PBXFrameworksBuildPhase section */

/* Begin PBXGroup section */
		63F176422243011C0042FA2E = {
			isa = PBXGroup;
			children = (
				63F176A4224303700042FA2E /* CreateDogMLModel.playground */,
				63F176AC2243FBAC0042FA2E /* Data Set */,
				63F1764D2243011C0042FA2E /* DogClassifier */,
				63F1764C2243011C0042FA2E /* Products */,
			);
			sourceTree = "<group>";
		};
		63F1764C2243011C0042FA2E /* Products */ = {
			isa = PBXGroup;
			children = (
				63F1764B2243011C0042FA2E /* DogClassifier.app */,
			);
			name = Products;
			sourceTree = "<group>";
		};
		63F1764D2243011C0042FA2E /* DogClassifier */ = {
			isa = PBXGroup;
			children = (
				63F176A92243FA9F0042FA2E /* Extension */,
				63F1764E2243011C0042FA2E /* AppDelegate.swift */,
				63F176502243011C0042FA2E /* ViewController.swift */,
				63F176522243011C0042FA2E /* Main.storyboard */,
				63F176572243011D0042FA2E /* LaunchScreen.storyboard */,
				63F1765A2243011D0042FA2E /* Info.plist */,
			);
			path = DogClassifier;
			sourceTree = "<group>";
		};
		63F176A92243FA9F0042FA2E /* Extension */ = {
			isa = PBXGroup;
			children = (
				63F176AA2243FAAD0042FA2E /* UIImage+Extension.swift */,
			);
			path = Extension;
			sourceTree = "<group>";
		};
		63F176AC2243FBAC0042FA2E /* Data Set */ = {
			isa = PBXGroup;
			children = (
				63F176AD2243FBAC0042FA2E /* Dalmation */,
				63F176B82243FBAC0042FA2E /* Pug */,
				63F176C52243FBAC0042FA2E /* Poodle */,
			);
			path = "Data Set";
			sourceTree = "<group>";
		};
		63F176AD2243FBAC0042FA2E /* Dalmation */ = {
			isa = PBXGroup;
			children = (
				63F176AE2243FBAC0042FA2E /* download.jpg */,
				63F176AF2243FBAC0042FA2E /* images-4.jpg */,
				63F176B02243FBAC0042FA2E /* images-5.jpg */,
				63F176B12243FBAC0042FA2E /* images-1.jpg */,
				63F176B22243FBAC0042FA2E /* images-2.jpg */,
				63F176B32243FBAC0042FA2E /* images-3.jpg */,
				63F176B42243FBAC0042FA2E /* download-3.jpg */,
				63F176B52243FBAC0042FA2E /* download-2.jpg */,
				63F176B62243FBAC0042FA2E /* download-4.jpg */,
				63F176B72243FBAC0042FA2E /* images.jpg */,
			);
			path = Dalmation;
			sourceTree = "<group>";
		};
		63F176B82243FBAC0042FA2E /* Pug */ = {
			isa = PBXGroup;
			children = (
				63F176B92243FBAC0042FA2E /* download.jpg */,
				63F176BA2243FBAC0042FA2E /* images-4.jpg */,
				63F176BB2243FBAC0042FA2E /* images-1.jpg */,
				63F176BC2243FBAC0042FA2E /* images-2.jpg */,
				63F176BD2243FBAC0042FA2E /* images-3.jpg */,
				63F176BE2243FBAC0042FA2E /* images12.jpg */,
				63F176BF2243FBAC0042FA2E /* images-10jpg.jpg */,
				63F176C02243FBAC0042FA2E /* images11.jpg */,
				63F176C12243FBAC0042FA2E /* download-5.jpg */,
				63F176C22243FBAC0042FA2E /* images.jpg */,
				63F176C32243FBAC0042FA2E /* download-6.jpg */,
				63F176C42243FBAC0042FA2E /* download-7.jpg */,
			);
			path = Pug;
			sourceTree = "<group>";
		};
		63F176C52243FBAC0042FA2E /* Poodle */ = {
			isa = PBXGroup;
			children = (
				63F176C62243FBAC0042FA2E /* download.jpg */,
				63F176C72243FBAC0042FA2E /* images-4.jpg */,
				63F176C82243FBAC0042FA2E /* images-1.jpg */,
				63F176C92243FBAC0042FA2E /* images-2.jpg */,
				63F176CA2243FBAC0042FA2E /* images-3.jpg */,
				63F176CB2243FBAC0042FA2E /* download-3.jpg */,
				63F176CC2243FBAC0042FA2E /* download-2.jpg */,
				63F176CD2243FBAC0042FA2E /* download-1.jpg */,
				63F176CE2243FBAC0042FA2E /* images.jpg */,
			);
			path = Poodle;
			sourceTree = "<group>";
		};
/* End PBXGroup section */

/* Begin PBXNativeTarget section */
		63F1764A2243011C0042FA2E /* DogClassifier */ = {
			isa = PBXNativeTarget;
			buildConfigurationList = 63F1765D2243011D0042FA2E /* Build configuration list for PBXNativeTarget "DogClassifier" */;
			buildPhases = (
				63F176472243011C0042FA2E /* Sources */,
				63F176482243011C0042FA2E /* Frameworks */,
				63F176492243011C0042FA2E /* Resources */,
			);
			buildRules = (
			);
			dependencies = (
			);
			name = DogClassifier;
			productName = DogClassifier;
			productReference = 63F1764B2243011C0042FA2E /* DogClassifier.app */;
			productType = "com.apple.product-type.application";
		};
/* End PBXNativeTarget section */

/* Begin PBXProject section */
		63F176432243011C0042FA2E /* Project object */ = {
			isa = PBXProject;
			attributes = {
				LastSwiftUpdateCheck = 1010;
				LastUpgradeCheck = 1010;
				ORGANIZATIONNAME = "Richard Blanchard";
				TargetAttributes = {
					63F1764A2243011C0042FA2E = {
						CreatedOnToolsVersion = 10.1;
					};
				};
			};
			buildConfigurationList = 63F176462243011C0042FA2E /* Build configuration list for PBXProject "DogClassifier" */;
			compatibilityVersion = "Xcode 9.3";
			developmentRegion = en;
			hasScannedForEncodings = 0;
			knownRegions = (
				en,
				Base,
			);
			mainGroup = 63F176422243011C0042FA2E;
			productRefGroup = 63F1764C2243011C0042FA2E /* Products */;
			projectDirPath = "";
			projectRoot = "";
			targets = (
				63F1764A2243011C0042FA2E /* DogClassifier */,
			);
		};
/* End PBXProject section */

/* Begin PBXResourcesBuildPhase section */
		63F176492243011C0042FA2E /* Resources */ = {
			isa = PBXResourcesBuildPhase;
			buildActionMask = 2147483647;
			files = (
				63F176A8224306100042FA2E /* Main.storyboard in Resources */,
			);
			runOnlyForDeploymentPostprocessing = 0;
		};
/* End PBXResourcesBuildPhase section */

/* Begin PBXSourcesBuildPhase section */
		63F176472243011C0042FA2E /* Sources */ = {
			isa = PBXSourcesBuildPhase;
			buildActionMask = 2147483647;
			files = (
				63F176AB2243FAAD0042FA2E /* UIImage+Extension.swift in Sources */,
				63F176512243011C0042FA2E /* ViewController.swift in Sources */,
				63F1764F2243011C0042FA2E /* AppDelegate.swift in Sources */,
			);
			runOnlyForDeploymentPostprocessing = 0;
		};
/* End PBXSourcesBuildPhase section */

/* Begin PBXVariantGroup section */
		63F176522243011C0042FA2E /* Main.storyboard */ = {
			isa = PBXVariantGroup;
			children = (
				63F176532243011C0042FA2E /* Base */,
			);
			name = Main.storyboard;
			sourceTree = "<group>";
		};
		63F176572243011D0042FA2E /* LaunchScreen.storyboard */ = {
			isa = PBXVariantGroup;
			children = (
				63F176582243011D0042FA2E /* Base */,
			);
			name = LaunchScreen.storyboard;
			sourceTree = "<group>";
		};
/* End PBXVariantGroup section */

/* Begin XCBuildConfiguration section */
		63F1765B2243011D0042FA2E /* Debug */ = {
			isa = XCBuildConfiguration;
			buildSettings = {
				ALWAYS_SEARCH_USER_PATHS = NO;
				CLANG_ANALYZER_NONNULL = YES;
				CLANG_ANALYZER_NUMBER_OBJECT_CONVERSION = YES_AGGRESSIVE;
				CLANG_CXX_LANGUAGE_STANDARD = "gnu++14";
				CLANG_CXX_LIBRARY = "libc++";
				CLANG_ENABLE_MODULES = YES;
				CLANG_ENABLE_OBJC_ARC = YES;
				CLANG_ENABLE_OBJC_WEAK = YES;
				CLANG_WARN_BLOCK_CAPTURE_AUTORELEASING = YES;
				CLANG_WARN_BOOL_CONVERSION = YES;
				CLANG_WARN_COMMA = YES;
				CLANG_WARN_CONSTANT_CONVERSION = YES;
				CLANG_WARN_DEPRECATED_OBJC_IMPLEMENTATIONS = YES;
				CLANG_WARN_DIRECT_OBJC_ISA_USAGE = YES_ERROR;
				CLANG_WARN_DOCUMENTATION_COMMENTS = YES;
				CLANG_WARN_EMPTY_BODY = YES;
				CLANG_WARN_ENUM_CONVERSION = YES;
				CLANG_WARN_INFINITE_RECURSION = YES;
				CLANG_WARN_INT_CONVERSION = YES;
				CLANG_WARN_NON_LITERAL_NULL_CONVERSION = YES;
				CLANG_WARN_OBJC_IMPLICIT_RETAIN_SELF = YES;
				CLANG_WARN_OBJC_LITERAL_CONVERSION = YES;
				CLANG_WARN_OBJC_ROOT_CLASS = YES_ERROR;
				CLANG_WARN_RANGE_LOOP_ANALYSIS = YES;
				CLANG_WARN_STRICT_PROTOTYPES = YES;
				CLANG_WARN_SUSPICIOUS_MOVE = YES;
				CLANG_WARN_UNGUARDED_AVAILABILITY = YES_AGGRESSIVE;
				CLANG_WARN_UNREACHABLE_CODE = YES;
				CLANG_WARN__DUPLICATE_METHOD_MATCH = YES;
				CODE_SIGN_IDENTITY = "iPhone Developer";
				COPY_PHASE_STRIP = NO;
				DEBUG_INFORMATION_FORMAT = dwarf;
				ENABLE_STRICT_OBJC_MSGSEND = YES;
				ENABLE_TESTABILITY = YES;
				GCC_C_LANGUAGE_STANDARD = gnu11;
				GCC_DYNAMIC_NO_PIC = NO;
				GCC_NO_COMMON_BLOCKS = YES;
				GCC_OPTIMIZATION_LEVEL = 0;
				GCC_PREPROCESSOR_DEFINITIONS = (
					"DEBUG=1",
					"$(inherited)",
				);
				GCC_WARN_64_TO_32_BIT_CONVERSION = YES;
				GCC_WARN_ABOUT_RETURN_TYPE = YES_ERROR;
				GCC_WARN_UNDECLARED_SELECTOR = YES;
				GCC_WARN_UNINITIALIZED_AUTOS = YES_AGGRESSIVE;
				GCC_WARN_UNUSED_FUNCTION = YES;
				GCC_WARN_UNUSED_VARIABLE = YES;
				IPHONEOS_DEPLOYMENT_TARGET = 12.1;
				MTL_ENABLE_DEBUG_INFO = INCLUDE_SOURCE;
				MTL_FAST_MATH = YES;
				ONLY_ACTIVE_ARCH = YES;
				SDKROOT = iphoneos;
				SWIFT_ACTIVE_COMPILATION_CONDITIONS = DEBUG;
				SWIFT_OPTIMIZATION_LEVEL = "-Onone";
			};
			name = Debug;
		};
		63F1765C2243011D0042FA2E /* Release */ = {
			isa = XCBuildConfiguration;
			buildSettings = {
				ALWAYS_SEARCH_USER_PATHS = NO;
				CLANG_ANALYZER_NONNULL = YES;
				CLANG_ANALYZER_NUMBER_OBJECT_CONVERSION = YES_AGGRESSIVE;
				CLANG_CXX_LANGUAGE_STANDARD = "gnu++14";
				CLANG_CXX_LIBRARY = "libc++";
				CLANG_ENABLE_MODULES = YES;
				CLANG_ENABLE_OBJC_ARC = YES;
				CLANG_ENABLE_OBJC_WEAK = YES;
				CLANG_WARN_BLOCK_CAPTURE_AUTORELEASING = YES;
				CLANG_WARN_BOOL_CONVERSION = YES;
				CLANG_WARN_COMMA = YES;
				CLANG_WARN_CONSTANT_CONVERSION = YES;
				CLANG_WARN_DEPRECATED_OBJC_IMPLEMENTATIONS = YES;
				CLANG_WARN_DIRECT_OBJC_ISA_USAGE = YES_ERROR;
				CLANG_WARN_DOCUMENTATION_COMMENTS = YES;
				CLANG_WARN_EMPTY_BODY = YES;
				CLANG_WARN_ENUM_CONVERSION = YES;
				CLANG_WARN_INFINITE_RECURSION = YES;
				CLANG_WARN_INT_CONVERSION = YES;
				CLANG_WARN_NON_LITERAL_NULL_CONVERSION = YES;
				CLANG_WARN_OBJC_IMPLICIT_RETAIN_SELF = YES;
				CLANG_WARN_OBJC_LITERAL_CONVERSION = YES;
				CLANG_WARN_OBJC_ROOT_CLASS = YES_ERROR;
				CLANG_WARN_RANGE_LOOP_ANALYSIS = YES;
				CLANG_WARN_STRICT_PROTOTYPES = YES;
				CLANG_WARN_SUSPICIOUS_MOVE = YES;
				CLANG_WARN_UNGUARDED_AVAILABILITY = YES_AGGRESSIVE;
				CLANG_WARN_UNREACHABLE_CODE = YES;
				CLANG_WARN__DUPLICATE_METHOD_MATCH = YES;
				CODE_SIGN_IDENTITY = "iPhone Developer";
				COPY_PHASE_STRIP = NO;
				DEBUG_INFORMATION_FORMAT = "dwarf-with-dsym";
				ENABLE_NS_ASSERTIONS = NO;
				ENABLE_STRICT_OBJC_MSGSEND = YES;
				GCC_C_LANGUAGE_STANDARD = gnu11;
				GCC_NO_COMMON_BLOCKS = YES;
				GCC_WARN_64_TO_32_BIT_CONVERSION = YES;
				GCC_WARN_ABOUT_RETURN_TYPE = YES_ERROR;
				GCC_WARN_UNDECLARED_SELECTOR = YES;
				GCC_WARN_UNINITIALIZED_AUTOS = YES_AGGRESSIVE;
				GCC_WARN_UNUSED_FUNCTION = YES;
				GCC_WARN_UNUSED_VARIABLE = YES;
				IPHONEOS_DEPLOYMENT_TARGET = 12.1;
				MTL_ENABLE_DEBUG_INFO = NO;
				MTL_FAST_MATH = YES;
				SDKROOT = iphoneos;
				SWIFT_COMPILATION_MODE = wholemodule;
				SWIFT_OPTIMIZATION_LEVEL = "-O";
				VALIDATE_PRODUCT = YES;
			};
			name = Release;
		};
		63F1765E2243011D0042FA2E /* Debug */ = {
			isa = XCBuildConfiguration;
			buildSettings = {
				ASSETCATALOG_COMPILER_APPICON_NAME = AppIcon;
				CODE_SIGN_STYLE = Automatic;
				DEVELOPMENT_TEAM = 7KZ9FQ8Y38;
				INFOPLIST_FILE = DogClassifier/Info.plist;
				LD_RUNPATH_SEARCH_PATHS = (
					"$(inherited)",
					"@executable_path/Frameworks",
				);
				PRODUCT_BUNDLE_IDENTIFIER = Rich.DogClassifier;
				PRODUCT_NAME = "$(TARGET_NAME)";
				SWIFT_VERSION = 4.2;
				TARGETED_DEVICE_FAMILY = "1,2";
			};
			name = Debug;
		};
		63F1765F2243011D0042FA2E /* Release */ = {
			isa = XCBuildConfiguration;
			buildSettings = {
				ASSETCATALOG_COMPILER_APPICON_NAME = AppIcon;
				CODE_SIGN_STYLE = Automatic;
				DEVELOPMENT_TEAM = 7KZ9FQ8Y38;
				INFOPLIST_FILE = DogClassifier/Info.plist;
				LD_RUNPATH_SEARCH_PATHS = (
					"$(inherited)",
					"@executable_path/Frameworks",
				);
				PRODUCT_BUNDLE_IDENTIFIER = Rich.DogClassifier;
				PRODUCT_NAME = "$(TARGET_NAME)";
				SWIFT_VERSION = 4.2;
				TARGETED_DEVICE_FAMILY = "1,2";
			};
			name = Release;
		};
/* End XCBuildConfiguration section */

/* Begin XCConfigurationList section */
		63F176462243011C0042FA2E /* Build configuration list for PBXProject "DogClassifier" */ = {
			isa = XCConfigurationList;
			buildConfigurations = (
				63F1765B2243011D0042FA2E /* Debug */,
				63F1765C2243011D0042FA2E /* Release */,
			);
			defaultConfigurationIsVisible = 0;
			defaultConfigurationName = Release;
		};
		63F1765D2243011D0042FA2E /* Build configuration list for PBXNativeTarget "DogClassifier" */ = {
			isa = XCConfigurationList;
			buildConfigurations = (
				63F1765E2243011D0042FA2E /* Debug */,
				63F1765F2243011D0042FA2E /* Release */,
			);
			defaultConfigurationIsVisible = 0;
			defaultConfigurationName = Release;
		};
/* End XCConfigurationList section */
	};
	rootObject = 63F176432243011C0042FA2E /* Project object */;
}
